// !$*UTF8*$!
{
	archiveVersion = 1;
	classes = {
	};
	objectVersion = 50;
	objects = {

/* Begin PBXBuildFile section */
		DE738E6B2492D91900C27A4F /* TaskDetailTableViewController.swift in Sources */ = {isa = PBXBuildFile; fileRef = DE738E6A2492D91900C27A4F /* TaskDetailTableViewController.swift */; };
		DE738E6D2492D95E00C27A4F /* CoreDataStack.swift in Sources */ = {isa = PBXBuildFile; fileRef = DE738E6C2492D95E00C27A4F /* CoreDataStack.swift */; };
		DE738E6F2492DAC000C27A4F /* Task+Convenience.swift in Sources */ = {isa = PBXBuildFile; fileRef = DE738E6E2492DAC000C27A4F /* Task+Convenience.swift */; };
		DE738E712492DBF400C27A4F /* TaskController.swift in Sources */ = {isa = PBXBuildFile; fileRef = DE738E702492DBF400C27A4F /* TaskController.swift */; };
		DE738E7324930A5900C27A4F /* DateHelpers.swift in Sources */ = {isa = PBXBuildFile; fileRef = DE738E7224930A5900C27A4F /* DateHelpers.swift */; };
		DE738E7524931A3000C27A4F /* ButtonTableViewCell.swift in Sources */ = {isa = PBXBuildFile; fileRef = DE738E7424931A3000C27A4F /* ButtonTableViewCell.swift */; };
		DED0EF2D2495553200C8E3A9 /* TaskListTableViewController.swift in Sources */ = {isa = PBXBuildFile; fileRef = DED0EF2C2495553200C8E3A9 /* TaskListTableViewController.swift */; };
		FB4BD1A7237A1D88006648A7 /* AppDelegate.swift in Sources */ = {isa = PBXBuildFile; fileRef = FB4BD1A6237A1D88006648A7 /* AppDelegate.swift */; };
		FB4BD1A9237A1D88006648A7 /* SceneDelegate.swift in Sources */ = {isa = PBXBuildFile; fileRef = FB4BD1A8237A1D88006648A7 /* SceneDelegate.swift */; };
		FB4BD1AE237A1D88006648A7 /* Main.storyboard in Resources */ = {isa = PBXBuildFile; fileRef = FB4BD1AC237A1D88006648A7 /* Main.storyboard */; };
		FB4BD1B1237A1D88006648A7 /* Task.xcdatamodeld in Sources */ = {isa = PBXBuildFile; fileRef = FB4BD1AF237A1D88006648A7 /* Task.xcdatamodeld */; };
		FB4BD1B3237A1D89006648A7 /* Assets.xcassets in Resources */ = {isa = PBXBuildFile; fileRef = FB4BD1B2237A1D89006648A7 /* Assets.xcassets */; };
		FB4BD1B6237A1D89006648A7 /* LaunchScreen.storyboard in Resources */ = {isa = PBXBuildFile; fileRef = FB4BD1B4237A1D89006648A7 /* LaunchScreen.storyboard */; };
/* End PBXBuildFile section */

/* Begin PBXFileReference section */
		DE738E6A2492D91900C27A4F /* TaskDetailTableViewController.swift */ = {isa = PBXFileReference; lastKnownFileType = sourcecode.swift; path = TaskDetailTableViewController.swift; sourceTree = "<group>"; };
		DE738E6C2492D95E00C27A4F /* CoreDataStack.swift */ = {isa = PBXFileReference; lastKnownFileType = sourcecode.swift; path = CoreDataStack.swift; sourceTree = "<group>"; };
		DE738E6E2492DAC000C27A4F /* Task+Convenience.swift */ = {isa = PBXFileReference; lastKnownFileType = sourcecode.swift; path = "Task+Convenience.swift"; sourceTree = "<group>"; };
		DE738E702492DBF400C27A4F /* TaskController.swift */ = {isa = PBXFileReference; lastKnownFileType = sourcecode.swift; path = TaskController.swift; sourceTree = "<group>"; };
		DE738E7224930A5900C27A4F /* DateHelpers.swift */ = {isa = PBXFileReference; lastKnownFileType = sourcecode.swift; path = DateHelpers.swift; sourceTree = "<group>"; };
		DE738E7424931A3000C27A4F /* ButtonTableViewCell.swift */ = {isa = PBXFileReference; lastKnownFileType = sourcecode.swift; path = ButtonTableViewCell.swift; sourceTree = "<group>"; };
		DED0EF2C2495553200C8E3A9 /* TaskListTableViewController.swift */ = {isa = PBXFileReference; lastKnownFileType = sourcecode.swift; path = TaskListTableViewController.swift; sourceTree = "<group>"; };
		FB4BD1A3237A1D88006648A7 /* Task.app */ = {isa = PBXFileReference; explicitFileType = wrapper.application; includeInIndex = 0; path = Task.app; sourceTree = BUILT_PRODUCTS_DIR; };
		FB4BD1A6237A1D88006648A7 /* AppDelegate.swift */ = {isa = PBXFileReference; lastKnownFileType = sourcecode.swift; path = AppDelegate.swift; sourceTree = "<group>"; };
		FB4BD1A8237A1D88006648A7 /* SceneDelegate.swift */ = {isa = PBXFileReference; lastKnownFileType = sourcecode.swift; path = SceneDelegate.swift; sourceTree = "<group>"; };
		FB4BD1AD237A1D88006648A7 /* Base */ = {isa = PBXFileReference; lastKnownFileType = file.storyboard; name = Base; path = Base.lproj/Main.storyboard; sourceTree = "<group>"; };
		FB4BD1B0237A1D88006648A7 /* Task.xcdatamodel */ = {isa = PBXFileReference; lastKnownFileType = wrapper.xcdatamodel; path = Task.xcdatamodel; sourceTree = "<group>"; };
		FB4BD1B2237A1D89006648A7 /* Assets.xcassets */ = {isa = PBXFileReference; lastKnownFileType = folder.assetcatalog; path = Assets.xcassets; sourceTree = "<group>"; };
		FB4BD1B5237A1D89006648A7 /* Base */ = {isa = PBXFileReference; lastKnownFileType = file.storyboard; name = Base; path = Base.lproj/LaunchScreen.storyboard; sourceTree = "<group>"; };
		FB4BD1B7237A1D89006648A7 /* Info.plist */ = {isa = PBXFileReference; lastKnownFileType = text.plist.xml; path = Info.plist; sourceTree = "<group>"; };
/* End PBXFileReference section */

/* Begin PBXFrameworksBuildPhase section */
		FB4BD1A0237A1D88006648A7 /* Frameworks */ = {
			isa = PBXFrameworksBuildPhase;
			buildActionMask = 2147483647;
			files = (
			);
			runOnlyForDeploymentPostprocessing = 0;
		};
/* End PBXFrameworksBuildPhase section */

/* Begin PBXGroup section */
		DE738E652492D68600C27A4F /* Controllers */ = {
			isa = PBXGroup;
			children = (
				DE738E672492D6A600C27A4F /* ViewControllers */,
				DE738E662492D69F00C27A4F /* ModelControllers */,
			);
			path = Controllers;
			sourceTree = "<group>";
		};
		DE738E662492D69F00C27A4F /* ModelControllers */ = {
			isa = PBXGroup;
			children = (
				DE738E702492DBF400C27A4F /* TaskController.swift */,
			);
			path = ModelControllers;
			sourceTree = "<group>";
		};
		DE738E672492D6A600C27A4F /* ViewControllers */ = {
			isa = PBXGroup;
			children = (
				DE738E6A2492D91900C27A4F /* TaskDetailTableViewController.swift */,
				DE738E7424931A3000C27A4F /* ButtonTableViewCell.swift */,
				DED0EF2C2495553200C8E3A9 /* TaskListTableViewController.swift */,
			);
			path = ViewControllers;
			sourceTree = "<group>";
		};
		FB4BD19A237A1D88006648A7 = {
			isa = PBXGroup;
			children = (
				FB4BD1A5237A1D88006648A7 /* Task */,
				FB4BD1A4237A1D88006648A7 /* Products */,
			);
			sourceTree = "<group>";
		};
		FB4BD1A4237A1D88006648A7 /* Products */ = {
			isa = PBXGroup;
			children = (
				FB4BD1A3237A1D88006648A7 /* Task.app */,
			);
			name = Products;
			sourceTree = "<group>";
		};
		FB4BD1A5237A1D88006648A7 /* Task */ = {
			isa = PBXGroup;
			children = (
				DE738E652492D68600C27A4F /* Controllers */,
				FB4BD1BE237A1E0B006648A7 /* Model */,
				FB4BD1BF237A1E11006648A7 /* Storyboards */,
				FB4BD1BD237A1E00006648A7 /* Resources */,
			);
			path = Task;
			sourceTree = "<group>";
		};
		FB4BD1BD237A1E00006648A7 /* Resources */ = {
			isa = PBXGroup;
			children = (
				FB4BD1A6237A1D88006648A7 /* AppDelegate.swift */,
				FB4BD1A8237A1D88006648A7 /* SceneDelegate.swift */,
				FB4BD1B2237A1D89006648A7 /* Assets.xcassets */,
				FB4BD1B7237A1D89006648A7 /* Info.plist */,
			);
			path = Resources;
			sourceTree = "<group>";
		};
		FB4BD1BE237A1E0B006648A7 /* Model */ = {
			isa = PBXGroup;
			children = (
				FB4BD1AF237A1D88006648A7 /* Task.xcdatamodeld */,
				DE738E6C2492D95E00C27A4F /* CoreDataStack.swift */,
				DE738E6E2492DAC000C27A4F /* Task+Convenience.swift */,
				DE738E7224930A5900C27A4F /* DateHelpers.swift */,
			);
			path = Model;
			sourceTree = "<group>";
		};
		FB4BD1BF237A1E11006648A7 /* Storyboards */ = {
			isa = PBXGroup;
			children = (
				FB4BD1B4237A1D89006648A7 /* LaunchScreen.storyboard */,
				FB4BD1AC237A1D88006648A7 /* Main.storyboard */,
			);
			path = Storyboards;
			sourceTree = "<group>";
		};
/* End PBXGroup section */

/* Begin PBXNativeTarget section */
		FB4BD1A2237A1D88006648A7 /* Task */ = {
			isa = PBXNativeTarget;
			buildConfigurationList = FB4BD1BA237A1D89006648A7 /* Build configuration list for PBXNativeTarget "Task" */;
			buildPhases = (
				FB4BD19F237A1D88006648A7 /* Sources */,
				FB4BD1A0237A1D88006648A7 /* Frameworks */,
				FB4BD1A1237A1D88006648A7 /* Resources */,
			);
			buildRules = (
			);
			dependencies = (
			);
			name = Task;
			productName = Task;
			productReference = FB4BD1A3237A1D88006648A7 /* Task.app */;
			productType = "com.apple.product-type.application";
		};
/* End PBXNativeTarget section */

/* Begin PBXProject section */
		FB4BD19B237A1D88006648A7 /* Project object */ = {
			isa = PBXProject;
			attributes = {
				LastSwiftUpdateCheck = 1120;
				LastUpgradeCheck = 1120;
				ORGANIZATIONNAME = "Karl Pfister";
				TargetAttributes = {
					FB4BD1A2237A1D88006648A7 = {
						CreatedOnToolsVersion = 11.2;
					};
				};
			};
			buildConfigurationList = FB4BD19E237A1D88006648A7 /* Build configuration list for PBXProject "Task" */;
			compatibilityVersion = "Xcode 9.3";
			developmentRegion = en;
			hasScannedForEncodings = 0;
			knownRegions = (
				en,
				Base,
			);
			mainGroup = FB4BD19A237A1D88006648A7;
			productRefGroup = FB4BD1A4237A1D88006648A7 /* Products */;
			projectDirPath = "";
			projectRoot = "";
			targets = (
				FB4BD1A2237A1D88006648A7 /* Task */,
			);
		};
/* End PBXProject section */

/* Begin PBXResourcesBuildPhase section */
		FB4BD1A1237A1D88006648A7 /* Resources */ = {
			isa = PBXResourcesBuildPhase;
			buildActionMask = 2147483647;
			files = (
				FB4BD1B6237A1D89006648A7 /* LaunchScreen.storyboard in Resources */,
				FB4BD1B3237A1D89006648A7 /* Assets.xcassets in Resources */,
				FB4BD1AE237A1D88006648A7 /* Main.storyboard in Resources */,
			);
			runOnlyForDeploymentPostprocessing = 0;
		};
/* End PBXResourcesBuildPhase section */

/* Begin PBXSourcesBuildPhase section */
		FB4BD19F237A1D88006648A7 /* Sources */ = {
			isa = PBXSourcesBuildPhase;
			buildActionMask = 2147483647;
			files = (
				FB4BD1B1237A1D88006648A7 /* Task.xcdatamodeld in Sources */,
				FB4BD1A7237A1D88006648A7 /* AppDelegate.swift in Sources */,
				DE738E6F2492DAC000C27A4F /* Task+Convenience.swift in Sources */,
				DE738E6D2492D95E00C27A4F /* CoreDataStack.swift in Sources */,
				DED0EF2D2495553200C8E3A9 /* TaskListTableViewController.swift in Sources */,
				DE738E6B2492D91900C27A4F /* TaskDetailTableViewController.swift in Sources */,
				DE738E712492DBF400C27A4F /* TaskController.swift in Sources */,
				DE738E7524931A3000C27A4F /* ButtonTableViewCell.swift in Sources */,
				FB4BD1A9237A1D88006648A7 /* SceneDelegate.swift in Sources */,
				DE738E7324930A5900C27A4F /* DateHelpers.swift in Sources */,
			);
			runOnlyForDeploymentPostprocessing = 0;
		};
/* End PBXSourcesBuildPhase section */

/* Begin PBXVariantGroup section */
		FB4BD1AC237A1D88006648A7 /* Main.storyboard */ = {
			isa = PBXVariantGroup;
			children = (
				FB4BD1AD237A1D88006648A7 /* Base */,
			);
			name = Main.storyboard;
			sourceTree = "<group>";
		};
		FB4BD1B4237A1D89006648A7 /* LaunchScreen.storyboard */ = {
			isa = PBXVariantGroup;
			children = (
				FB4BD1B5237A1D89006648A7 /* Base */,
			);
			name = LaunchScreen.storyboard;
			sourceTree = "<group>";
		};
/* End PBXVariantGroup section */

/* Begin XCBuildConfiguration section */
		FB4BD1B8237A1D89006648A7 /* Debug */ = {
			isa = XCBuildConfiguration;
			buildSettings = {
				ALWAYS_SEARCH_USER_PATHS = NO;
				CLANG_ANALYZER_NONNULL = YES;
				CLANG_ANALYZER_NUMBER_OBJECT_CONVERSION = YES_AGGRESSIVE;
				CLANG_CXX_LANGUAGE_STANDARD = "gnu++14";
				CLANG_CXX_LIBRARY = "libc++";
				CLANG_ENABLE_MODULES = YES;
				CLANG_ENABLE_OBJC_ARC = YES;
				CLANG_ENABLE_OBJC_WEAK = YES;
				CLANG_WARN_BLOCK_CAPTURE_AUTORELEASING = YES;
				CLANG_WARN_BOOL_CONVERSION = YES;
				CLANG_WARN_COMMA = YES;
				CLANG_WARN_CONSTANT_CONVERSION = YES;
				CLANG_WARN_DEPRECATED_OBJC_IMPLEMENTATIONS = YES;
				CLANG_WARN_DIRECT_OBJC_ISA_USAGE = YES_ERROR;
				CLANG_WARN_DOCUMENTATION_COMMENTS = YES;
				CLANG_WARN_EMPTY_BODY = YES;
				CLANG_WARN_ENUM_CONVERSION = YES;
				CLANG_WARN_INFINITE_RECURSION = YES;
				CLANG_WARN_INT_CONVERSION = YES;
				CLANG_WARN_NON_LITERAL_NULL_CONVERSION = YES;
				CLANG_WARN_OBJC_IMPLICIT_RETAIN_SELF = YES;
				CLANG_WARN_OBJC_LITERAL_CONVERSION = YES;
				CLANG_WARN_OBJC_ROOT_CLASS = YES_ERROR;
				CLANG_WARN_RANGE_LOOP_ANALYSIS = YES;
				CLANG_WARN_STRICT_PROTOTYPES = YES;
				CLANG_WARN_SUSPICIOUS_MOVE = YES;
				CLANG_WARN_UNGUARDED_AVAILABILITY = YES_AGGRESSIVE;
				CLANG_WARN_UNREACHABLE_CODE = YES;
				CLANG_WARN__DUPLICATE_METHOD_MATCH = YES;
				COPY_PHASE_STRIP = NO;
				DEBUG_INFORMATION_FORMAT = dwarf;
				ENABLE_STRICT_OBJC_MSGSEND = YES;
				ENABLE_TESTABILITY = YES;
				GCC_C_LANGUAGE_STANDARD = gnu11;
				GCC_DYNAMIC_NO_PIC = NO;
				GCC_NO_COMMON_BLOCKS = YES;
				GCC_OPTIMIZATION_LEVEL = 0;
				GCC_PREPROCESSOR_DEFINITIONS = (
					"DEBUG=1",
					"$(inherited)",
				);
				GCC_WARN_64_TO_32_BIT_CONVERSION = YES;
				GCC_WARN_ABOUT_RETURN_TYPE = YES_ERROR;
				GCC_WARN_UNDECLARED_SELECTOR = YES;
				GCC_WARN_UNINITIALIZED_AUTOS = YES_AGGRESSIVE;
				GCC_WARN_UNUSED_FUNCTION = YES;
				GCC_WARN_UNUSED_VARIABLE = YES;
				IPHONEOS_DEPLOYMENT_TARGET = 13.2;
				MTL_ENABLE_DEBUG_INFO = INCLUDE_SOURCE;
				MTL_FAST_MATH = YES;
				ONLY_ACTIVE_ARCH = YES;
				SDKROOT = iphoneos;
				SWIFT_ACTIVE_COMPILATION_CONDITIONS = DEBUG;
				SWIFT_OPTIMIZATION_LEVEL = "-Onone";
			};
			name = Debug;
		};
		FB4BD1B9237A1D89006648A7 /* Release */ = {
			isa = XCBuildConfiguration;
			buildSettings = {
				ALWAYS_SEARCH_USER_PATHS = NO;
				CLANG_ANALYZER_NONNULL = YES;
				CLANG_ANALYZER_NUMBER_OBJECT_CONVERSION = YES_AGGRESSIVE;
				CLANG_CXX_LANGUAGE_STANDARD = "gnu++14";
				CLANG_CXX_LIBRARY = "libc++";
				CLANG_ENABLE_MODULES = YES;
				CLANG_ENABLE_OBJC_ARC = YES;
				CLANG_ENABLE_OBJC_WEAK = YES;
				CLANG_WARN_BLOCK_CAPTURE_AUTORELEASING = YES;
				CLANG_WARN_BOOL_CONVERSION = YES;
				CLANG_WARN_COMMA = YES;
				CLANG_WARN_CONSTANT_CONVERSION = YES;
				CLANG_WARN_DEPRECATED_OBJC_IMPLEMENTATIONS = YES;
				CLANG_WARN_DIRECT_OBJC_ISA_USAGE = YES_ERROR;
				CLANG_WARN_DOCUMENTATION_COMMENTS = YES;
				CLANG_WARN_EMPTY_BODY = YES;
				CLANG_WARN_ENUM_CONVERSION = YES;
				CLANG_WARN_INFINITE_RECURSION = YES;
				CLANG_WARN_INT_CONVERSION = YES;
				CLANG_WARN_NON_LITERAL_NULL_CONVERSION = YES;
				CLANG_WARN_OBJC_IMPLICIT_RETAIN_SELF = YES;
				CLANG_WARN_OBJC_LITERAL_CONVERSION = YES;
				CLANG_WARN_OBJC_ROOT_CLASS = YES_ERROR;
				CLANG_WARN_RANGE_LOOP_ANALYSIS = YES;
				CLANG_WARN_STRICT_PROTOTYPES = YES;
				CLANG_WARN_SUSPICIOUS_MOVE = YES;
				CLANG_WARN_UNGUARDED_AVAILABILITY = YES_AGGRESSIVE;
				CLANG_WARN_UNREACHABLE_CODE = YES;
				CLANG_WARN__DUPLICATE_METHOD_MATCH = YES;
				COPY_PHASE_STRIP = NO;
				DEBUG_INFORMATION_FORMAT = "dwarf-with-dsym";
				ENABLE_NS_ASSERTIONS = NO;
				ENABLE_STRICT_OBJC_MSGSEND = YES;
				GCC_C_LANGUAGE_STANDARD = gnu11;
				GCC_NO_COMMON_BLOCKS = YES;
				GCC_WARN_64_TO_32_BIT_CONVERSION = YES;
				GCC_WARN_ABOUT_RETURN_TYPE = YES_ERROR;
				GCC_WARN_UNDECLARED_SELECTOR = YES;
				GCC_WARN_UNINITIALIZED_AUTOS = YES_AGGRESSIVE;
				GCC_WARN_UNUSED_FUNCTION = YES;
				GCC_WARN_UNUSED_VARIABLE = YES;
				IPHONEOS_DEPLOYMENT_TARGET = 13.2;
				MTL_ENABLE_DEBUG_INFO = NO;
				MTL_FAST_MATH = YES;
				SDKROOT = iphoneos;
				SWIFT_COMPILATION_MODE = wholemodule;
				SWIFT_OPTIMIZATION_LEVEL = "-O";
				VALIDATE_PRODUCT = YES;
			};
			name = Release;
		};
		FB4BD1BB237A1D89006648A7 /* Debug */ = {
			isa = XCBuildConfiguration;
			buildSettings = {
				ASSETCATALOG_COMPILER_APPICON_NAME = AppIcon;
				CODE_SIGN_STYLE = Automatic;
				DEVELOPMENT_TEAM = 4J7B9732LY;
				INFOPLIST_FILE = "$(SRCROOT)/Task/Resources/Info.plist";
				LD_RUNPATH_SEARCH_PATHS = (
					"$(inherited)",
					"@executable_path/Frameworks",
				);
				PRODUCT_BUNDLE_IDENTIFIER = com.DevMountain.Task;
				PRODUCT_NAME = "$(TARGET_NAME)";
				SWIFT_VERSION = 5.0;
				TARGETED_DEVICE_FAMILY = "1,2";
			};
			name = Debug;
		};
		FB4BD1BC237A1D89006648A7 /* Release */ = {
			isa = XCBuildConfiguration;
			buildSettings = {
				ASSETCATALOG_COMPILER_APPICON_NAME = AppIcon;
				CODE_SIGN_STYLE = Automatic;
				DEVELOPMENT_TEAM = 4J7B9732LY;
				INFOPLIST_FILE = "$(SRCROOT)/Task/Resources/Info.plist";
				LD_RUNPATH_SEARCH_PATHS = (
					"$(inherited)",
					"@executable_path/Frameworks",
				);
				PRODUCT_BUNDLE_IDENTIFIER = com.DevMountain.Task;
				PRODUCT_NAME = "$(TARGET_NAME)";
				SWIFT_VERSION = 5.0;
				TARGETED_DEVICE_FAMILY = "1,2";
			};
			name = Release;
		};
/* End XCBuildConfiguration section */

/* Begin XCConfigurationList section */
		FB4BD19E237A1D88006648A7 /* Build configuration list for PBXProject "Task" */ = {
			isa = XCConfigurationList;
			buildConfigurations = (
				FB4BD1B8237A1D89006648A7 /* Debug */,
				FB4BD1B9237A1D89006648A7 /* Release */,
			);
			defaultConfigurationIsVisible = 0;
			defaultConfigurationName = Release;
		};
		FB4BD1BA237A1D89006648A7 /* Build configuration list for PBXNativeTarget "Task" */ = {
			isa = XCConfigurationList;
			buildConfigurations = (
				FB4BD1BB237A1D89006648A7 /* Debug */,
				FB4BD1BC237A1D89006648A7 /* Release */,
			);
			defaultConfigurationIsVisible = 0;
			defaultConfigurationName = Release;
		};
/* End XCConfigurationList section */

/* Begin XCVersionGroup section */
		FB4BD1AF237A1D88006648A7 /* Task.xcdatamodeld */ = {
			isa = XCVersionGroup;
			children = (
				FB4BD1B0237A1D88006648A7 /* Task.xcdatamodel */,
			);
			currentVersion = FB4BD1B0237A1D88006648A7 /* Task.xcdatamodel */;
			path = Task.xcdatamodeld;
			sourceTree = "<group>";
			versionGroupType = wrapper.xcdatamodel;
		};
/* End XCVersionGroup section */
	};
	rootObject = FB4BD19B237A1D88006648A7 /* Project object */;
}
